// !$*UTF8*$!
{
	archiveVersion = 1;
	classes = {
	};
	objectVersion = 46;
	objects = {

/* Begin PBXBuildFile section */
		264150361B2A27D200AD92CD /* LenovoY450.h in Headers */ = {isa = PBXBuildFile; fileRef = 264150351B2A27D200AD92CD /* LenovoY450.h */; };
		264150381B2A27D200AD92CD /* LenovoY450.cpp in Sources */ = {isa = PBXBuildFile; fileRef = 264150371B2A27D200AD92CD /* LenovoY450.cpp */; };
		26483D7C1B2B77B700E02ABC /* LICENSE in Resources */ = {isa = PBXBuildFile; fileRef = 26483D7B1B2B77B700E02ABC /* LICENSE */; };
/* End PBXBuildFile section */

/* Begin PBXFileReference section */
		264150301B2A27D200AD92CD /* LenovoY450.kext */ = {isa = PBXFileReference; explicitFileType = wrapper.cfbundle; includeInIndex = 0; path = LenovoY450.kext; sourceTree = BUILT_PRODUCTS_DIR; };
		264150341B2A27D200AD92CD /* Info.plist */ = {isa = PBXFileReference; lastKnownFileType = text.plist.xml; path = Info.plist; sourceTree = "<group>"; };
		264150351B2A27D200AD92CD /* LenovoY450.h */ = {isa = PBXFileReference; lastKnownFileType = sourcecode.c.h; path = LenovoY450.h; sourceTree = "<group>"; };
		264150371B2A27D200AD92CD /* LenovoY450.cpp */ = {isa = PBXFileReference; lastKnownFileType = sourcecode.cpp.cpp; path = LenovoY450.cpp; sourceTree = "<group>"; };
		26483D7B1B2B77B700E02ABC /* LICENSE */ = {isa = PBXFileReference; fileEncoding = 4; lastKnownFileType = text; path = LICENSE; sourceTree = "<group>"; };
/* End PBXFileReference section */

/* Begin PBXFrameworksBuildPhase section */
		2641502C1B2A27D200AD92CD /* Frameworks */ = {
			isa = PBXFrameworksBuildPhase;
			buildActionMask = 2147483647;
			files = (
			);
			runOnlyForDeploymentPostprocessing = 0;
		};
/* End PBXFrameworksBuildPhase section */

/* Begin PBXGroup section */
		264150261B2A27D200AD92CD = {
			isa = PBXGroup;
			children = (
				264150321B2A27D200AD92CD /* LenovoY450 */,
				264150311B2A27D200AD92CD /* Products */,
				26483D7B1B2B77B700E02ABC /* LICENSE */,
			);
			sourceTree = "<group>";
		};
		264150311B2A27D200AD92CD /* Products */ = {
			isa = PBXGroup;
			children = (
				264150301B2A27D200AD92CD /* LenovoY450.kext */,
			);
			name = Products;
			sourceTree = "<group>";
		};
		264150321B2A27D200AD92CD /* LenovoY450 */ = {
			isa = PBXGroup;
			children = (
				264150351B2A27D200AD92CD /* LenovoY450.h */,
				264150371B2A27D200AD92CD /* LenovoY450.cpp */,
				264150331B2A27D200AD92CD /* Supporting Files */,
			);
			path = LenovoY450;
			sourceTree = "<group>";
		};
		264150331B2A27D200AD92CD /* Supporting Files */ = {
			isa = PBXGroup;
			children = (
				264150341B2A27D200AD92CD /* Info.plist */,
			);
			name = "Supporting Files";
			sourceTree = "<group>";
		};
/* End PBXGroup section */

/* Begin PBXHeadersBuildPhase section */
		2641502D1B2A27D200AD92CD /* Headers */ = {
			isa = PBXHeadersBuildPhase;
			buildActionMask = 2147483647;
			files = (
				264150361B2A27D200AD92CD /* LenovoY450.h in Headers */,
			);
			runOnlyForDeploymentPostprocessing = 0;
		};
/* End PBXHeadersBuildPhase section */

/* Begin PBXNativeTarget section */
		2641502F1B2A27D200AD92CD /* LenovoY450 */ = {
			isa = PBXNativeTarget;
			buildConfigurationList = 2641503B1B2A27D200AD92CD /* Build configuration list for PBXNativeTarget "LenovoY450" */;
			buildPhases = (
				2641502B1B2A27D200AD92CD /* Sources */,
				2641502C1B2A27D200AD92CD /* Frameworks */,
				2641502D1B2A27D200AD92CD /* Headers */,
				2641502E1B2A27D200AD92CD /* Resources */,
			);
			buildRules = (
			);
			dependencies = (
			);
			name = LenovoY450;
			productName = LenovoY450;
			productReference = 264150301B2A27D200AD92CD /* LenovoY450.kext */;
			productType = "com.apple.product-type.kernel-extension";
		};
/* End PBXNativeTarget section */

/* Begin PBXProject section */
		264150271B2A27D200AD92CD /* Project object */ = {
			isa = PBXProject;
			attributes = {
				LastUpgradeCheck = 0630;
				ORGANIZATIONNAME = Linus;
				TargetAttributes = {
					2641502F1B2A27D200AD92CD = {
						CreatedOnToolsVersion = 6.3.2;
					};
				};
			};
			buildConfigurationList = 2641502A1B2A27D200AD92CD /* Build configuration list for PBXProject "LenovoY450" */;
			compatibilityVersion = "Xcode 3.2";
			developmentRegion = English;
			hasScannedForEncodings = 0;
			knownRegions = (
				en,
			);
			mainGroup = 264150261B2A27D200AD92CD;
			productRefGroup = 264150311B2A27D200AD92CD /* Products */;
			projectDirPath = "";
			projectRoot = "";
			targets = (
				2641502F1B2A27D200AD92CD /* LenovoY450 */,
			);
		};
/* End PBXProject section */

/* Begin PBXResourcesBuildPhase section */
		2641502E1B2A27D200AD92CD /* Resources */ = {
			isa = PBXResourcesBuildPhase;
			buildActionMask = 2147483647;
			files = (
				26483D7C1B2B77B700E02ABC /* LICENSE in Resources */,
			);
			runOnlyForDeploymentPostprocessing = 0;
		};
/* End PBXResourcesBuildPhase section */

/* Begin PBXSourcesBuildPhase section */
		2641502B1B2A27D200AD92CD /* Sources */ = {
			isa = PBXSourcesBuildPhase;
			buildActionMask = 2147483647;
			files = (
				264150381B2A27D200AD92CD /* LenovoY450.cpp in Sources */,
			);
			runOnlyForDeploymentPostprocessing = 0;
		};
/* End PBXSourcesBuildPhase section */

/* Begin XCBuildConfiguration section */
		264150391B2A27D200AD92CD /* Debug */ = {
			isa = XCBuildConfiguration;
			buildSettings = {
				ALWAYS_SEARCH_USER_PATHS = NO;
				CLANG_CXX_LANGUAGE_STANDARD = "gnu++0x";
				CLANG_CXX_LIBRARY = "libc++";
				CLANG_ENABLE_MODULES = YES;
				CLANG_ENABLE_OBJC_ARC = YES;
				CLANG_WARN_BOOL_CONVERSION = YES;
				CLANG_WARN_CONSTANT_CONVERSION = YES;
				CLANG_WARN_DIRECT_OBJC_ISA_USAGE = YES_ERROR;
				CLANG_WARN_EMPTY_BODY = YES;
				CLANG_WARN_ENUM_CONVERSION = YES;
				CLANG_WARN_INT_CONVERSION = YES;
				CLANG_WARN_OBJC_ROOT_CLASS = YES_ERROR;
				CLANG_WARN_UNREACHABLE_CODE = YES;
				CLANG_WARN__DUPLICATE_METHOD_MATCH = YES;
				COPY_PHASE_STRIP = NO;
				DEBUG_INFORMATION_FORMAT = dwarf;
				ENABLE_STRICT_OBJC_MSGSEND = YES;
				GCC_C_LANGUAGE_STANDARD = gnu99;
				GCC_DYNAMIC_NO_PIC = NO;
				GCC_NO_COMMON_BLOCKS = YES;
				GCC_OPTIMIZATION_LEVEL = 0;
				GCC_PREPROCESSOR_DEFINITIONS = (
					"DEBUG=1",
					"$(inherited)",
				);
				GCC_SYMBOLS_PRIVATE_EXTERN = NO;
				GCC_WARN_64_TO_32_BIT_CONVERSION = YES;
				GCC_WARN_ABOUT_RETURN_TYPE = YES_ERROR;
				GCC_WARN_UNDECLARED_SELECTOR = YES;
				GCC_WARN_UNINITIALIZED_AUTOS = YES_AGGRESSIVE;
				GCC_WARN_UNUSED_FUNCTION = YES;
				GCC_WARN_UNUSED_VARIABLE = YES;
				MACOSX_DEPLOYMENT_TARGET = 10.10;
				MTL_ENABLE_DEBUG_INFO = YES;
				ONLY_ACTIVE_ARCH = YES;
				SDKROOT = macosx;
			};
			name = Debug;
		};
		2641503A1B2A27D200AD92CD /* Release */ = {
			isa = XCBuildConfiguration;
			buildSettings = {
				ALWAYS_SEARCH_USER_PATHS = NO;
				CLANG_CXX_LANGUAGE_STANDARD = "gnu++0x";
				CLANG_CXX_LIBRARY = "libc++";
				CLANG_ENABLE_MODULES = YES;
				CLANG_ENABLE_OBJC_ARC = YES;
				CLANG_WARN_BOOL_CONVERSION = YES;
				CLANG_WARN_CONSTANT_CONVERSION = YES;
				CLANG_WARN_DIRECT_OBJC_ISA_USAGE = YES_ERROR;
				CLANG_WARN_EMPTY_BODY = YES;
				CLANG_WARN_ENUM_CONVERSION = YES;
				CLANG_WARN_INT_CONVERSION = YES;
				CLANG_WARN_OBJC_ROOT_CLASS = YES_ERROR;
				CLANG_WARN_UNREACHABLE_CODE = YES;
				CLANG_WARN__DUPLICATE_METHOD_MATCH = YES;
				COPY_PHASE_STRIP = NO;
				DEBUG_INFORMATION_FORMAT = "dwarf-with-dsym";
				ENABLE_NS_ASSERTIONS = NO;
				ENABLE_STRICT_OBJC_MSGSEND = YES;
				GCC_C_LANGUAGE_STANDARD = gnu99;
				GCC_NO_COMMON_BLOCKS = YES;
				GCC_WARN_64_TO_32_BIT_CONVERSION = YES;
				GCC_WARN_ABOUT_RETURN_TYPE = YES_ERROR;
				GCC_WARN_UNDECLARED_SELECTOR = YES;
				GCC_WARN_UNINITIALIZED_AUTOS = YES_AGGRESSIVE;
				GCC_WARN_UNUSED_FUNCTION = YES;
				GCC_WARN_UNUSED_VARIABLE = YES;
				MACOSX_DEPLOYMENT_TARGET = 10.10;
				MTL_ENABLE_DEBUG_INFO = NO;
				SDKROOT = macosx;
			};
			name = Release;
		};
		2641503C1B2A27D200AD92CD /* Debug */ = {
			isa = XCBuildConfiguration;
			buildSettings = {
				COMBINE_HIDPI_IMAGES = YES;
				CURRENT_PROJECT_VERSION = 1.0.0d1;
				INFOPLIST_FILE = LenovoY450/Info.plist;
				MODULE_NAME = com.linus.LenovoY450;
				MODULE_VERSION = 1.0.0d1;
				PRODUCT_NAME = "$(TARGET_NAME)";
				WRAPPER_EXTENSION = kext;
			};
			name = Debug;
		};
		2641503D1B2A27D200AD92CD /* Release */ = {
			isa = XCBuildConfiguration;
			buildSettings = {
				COMBINE_HIDPI_IMAGES = YES;
				CURRENT_PROJECT_VERSION = 1.0.0d1;
				INFOPLIST_FILE = LenovoY450/Info.plist;
				MODULE_NAME = com.linus.LenovoY450;
				MODULE_VERSION = 1.0.0d1;
				PRODUCT_NAME = "$(TARGET_NAME)";
				WRAPPER_EXTENSION = kext;
			};
			name = Release;
		};
/* End XCBuildConfiguration section */

/* Begin XCConfigurationList section */
		2641502A1B2A27D200AD92CD /* Build configuration list for PBXProject "LenovoY450" */ = {
			isa = XCConfigurationList;
			buildConfigurations = (
				264150391B2A27D200AD92CD /* Debug */,
				2641503A1B2A27D200AD92CD /* Release */,
			);
			defaultConfigurationIsVisible = 0;
			defaultConfigurationName = Release;
		};
		2641503B1B2A27D200AD92CD /* Build configuration list for PBXNativeTarget "LenovoY450" */ = {
			isa = XCConfigurationList;
			buildConfigurations = (
				2641503C1B2A27D200AD92CD /* Debug */,
				2641503D1B2A27D200AD92CD /* Release */,
			);
			defaultConfigurationIsVisible = 0;
			defaultConfigurationName = Release;
		};
/* End XCConfigurationList section */
	};
	rootObject = 264150271B2A27D200AD92CD /* Project object */;
}
